// !$*UTF8*$!
{
	archiveVersion = 1;
	classes = {
	};
	objectVersion = 46;
	objects = {

/* Begin PBXBuildFile section */
		963B1FD86FACF3CDB9420F6D /* Pods_ConversaBusiness.framework in Frameworks */ = {isa = PBXBuildFile; fileRef = 5BDC3807A174ABF70E9B6ED7 /* Pods_ConversaBusiness.framework */; };
		A52907041D6FE93D0018D74C /* main.m in Sources */ = {isa = PBXBuildFile; fileRef = A52907031D6FE93D0018D74C /* main.m */; };
		A52907071D6FE93D0018D74C /* AppDelegate.m in Sources */ = {isa = PBXBuildFile; fileRef = A52907061D6FE93D0018D74C /* AppDelegate.m */; };
		A52907101D6FE93D0018D74C /* Main.storyboard in Resources */ = {isa = PBXBuildFile; fileRef = A529070E1D6FE93D0018D74C /* Main.storyboard */; };
		A52907121D6FE93D0018D74C /* Assets.xcassets in Resources */ = {isa = PBXBuildFile; fileRef = A52907111D6FE93D0018D74C /* Assets.xcassets */; };
		A52907151D6FE93D0018D74C /* LaunchScreen.storyboard in Resources */ = {isa = PBXBuildFile; fileRef = A52907131D6FE93D0018D74C /* LaunchScreen.storyboard */; };
		A52907891D6FEA0C0018D74C /* AboutViewController.m in Sources */ = {isa = PBXBuildFile; fileRef = A529071E1D6FEA0C0018D74C /* AboutViewController.m */; };
		A529078A1D6FEA0C0018D74C /* Account.m in Sources */ = {isa = PBXBuildFile; fileRef = A52907201D6FEA0C0018D74C /* Account.m */; };
		A529078B1D6FEA0C0018D74C /* AccountSettingsViewController.m in Sources */ = {isa = PBXBuildFile; fileRef = A52907221D6FEA0C0018D74C /* AccountSettingsViewController.m */; };
		A529078C1D6FEA0C0018D74C /* Audio.m in Sources */ = {isa = PBXBuildFile; fileRef = A52907241D6FEA0C0018D74C /* Audio.m */; };
		A529078D1D6FEA0C0018D74C /* AudioMediaItem.m in Sources */ = {isa = PBXBuildFile; fileRef = A52907261D6FEA0C0018D74C /* AudioMediaItem.m */; };
		A529078E1D6FEA0C0018D74C /* BlockViewController.m in Sources */ = {isa = PBXBuildFile; fileRef = A52907281D6FEA0C0018D74C /* BlockViewController.m */; };
		A529078F1D6FEA0C0018D74C /* Business.m in Sources */ = {isa = PBXBuildFile; fileRef = A529072A1D6FEA0C0018D74C /* Business.m */; };
		A52907901D6FEA0C0018D74C /* Camera.m in Sources */ = {isa = PBXBuildFile; fileRef = A529072C1D6FEA0C0018D74C /* Camera.m */; };
		A52907911D6FEA0C0018D74C /* ChatSettingsViewController.m in Sources */ = {isa = PBXBuildFile; fileRef = A529072E1D6FEA0C0018D74C /* ChatSettingsViewController.m */; };
		A52907921D6FEA0C0018D74C /* ChatsViewController.m in Sources */ = {isa = PBXBuildFile; fileRef = A52907301D6FEA0C0018D74C /* ChatsViewController.m */; };
		A52907931D6FEA0C0018D74C /* Colors.m in Sources */ = {isa = PBXBuildFile; fileRef = A52907321D6FEA0C0018D74C /* Colors.m */; };
		A52907941D6FEA0C0018D74C /* Constants.m in Sources */ = {isa = PBXBuildFile; fileRef = A52907341D6FEA0C0018D74C /* Constants.m */; };
		A52907951D6FEA0C0018D74C /* ContentViewController.swift in Sources */ = {isa = PBXBuildFile; fileRef = A52907351D6FEA0C0018D74C /* ContentViewController.swift */; };
		A52907971D6FEA0C0018D74C /* ConversationViewController.m in Sources */ = {isa = PBXBuildFile; fileRef = A529073C1D6FEA0C0018D74C /* ConversationViewController.m */; };
		A52907981D6FEA0C0018D74C /* CustomBlockCell.m in Sources */ = {isa = PBXBuildFile; fileRef = A529073E1D6FEA0C0018D74C /* CustomBlockCell.m */; };
		A52907991D6FEA0C0018D74C /* CustomChatCell.m in Sources */ = {isa = PBXBuildFile; fileRef = A52907401D6FEA0C0018D74C /* CustomChatCell.m */; };
		A529079A1D6FEA0C0018D74C /* Customer.m in Sources */ = {isa = PBXBuildFile; fileRef = A52907421D6FEA0C0018D74C /* Customer.m */; };
		A529079B1D6FEA0C0018D74C /* CustomSettingCell.m in Sources */ = {isa = PBXBuildFile; fileRef = A52907441D6FEA0C0018D74C /* CustomSettingCell.m */; };
		A529079C1D6FEA0C0018D74C /* DatabaseManager.m in Sources */ = {isa = PBXBuildFile; fileRef = A52907461D6FEA0C0018D74C /* DatabaseManager.m */; };
		A529079D1D6FEA0C0018D74C /* DatabaseView.m in Sources */ = {isa = PBXBuildFile; fileRef = A52907481D6FEA0C0018D74C /* DatabaseView.m */; };
		A529079E1D6FEA0C0018D74C /* DetailAccountViewController.m in Sources */ = {isa = PBXBuildFile; fileRef = A529074A1D6FEA0C0018D74C /* DetailAccountViewController.m */; };
		A529079F1D6FEA0C0018D74C /* DOFavoriteButton.swift in Sources */ = {isa = PBXBuildFile; fileRef = A529074B1D6FEA0C0018D74C /* DOFavoriteButton.swift */; };
		A52907A01D6FEA0C0018D74C /* Image.m in Sources */ = {isa = PBXBuildFile; fileRef = A529074D1D6FEA0C0018D74C /* Image.m */; };
		A52907A11D6FEA0C0018D74C /* Incoming.m in Sources */ = {isa = PBXBuildFile; fileRef = A529074F1D6FEA0C0018D74C /* Incoming.m */; };
		A52907A21D6FEA0C0018D74C /* LoginHandler.m in Sources */ = {isa = PBXBuildFile; fileRef = A52907521D6FEA0C0018D74C /* LoginHandler.m */; };
		A52907A31D6FEA0C0018D74C /* LoginViewController.m in Sources */ = {isa = PBXBuildFile; fileRef = A52907541D6FEA0C0018D74C /* LoginViewController.m */; };
		A52907A41D6FEA0C0018D74C /* Main.storyboard in Resources */ = {isa = PBXBuildFile; fileRef = A52907551D6FEA0C0018D74C /* Main.storyboard */; };
		A52907A51D6FEA0C0018D74C /* MapView.m in Sources */ = {isa = PBXBuildFile; fileRef = A52907571D6FEA0C0018D74C /* MapView.m */; };
		A52907A61D6FEA0C0018D74C /* MapView.xib in Resources */ = {isa = PBXBuildFile; fileRef = A52907581D6FEA0C0018D74C /* MapView.xib */; };
		A52907A71D6FEA0C0018D74C /* Message.m in Sources */ = {isa = PBXBuildFile; fileRef = A529075A1D6FEA0C0018D74C /* Message.m */; };
		A52907A81D6FEA0C0018D74C /* NetworkUtilities.m in Sources */ = {isa = PBXBuildFile; fileRef = A529075C1D6FEA0C0018D74C /* NetworkUtilities.m */; };
		A52907A91D6FEA0C0018D74C /* NotificationPermissions.m in Sources */ = {isa = PBXBuildFile; fileRef = A529075E1D6FEA0C0018D74C /* NotificationPermissions.m */; };
		A52907AA1D6FEA0C0018D74C /* NotificationsViewController.m in Sources */ = {isa = PBXBuildFile; fileRef = A52907601D6FEA0C0018D74C /* NotificationsViewController.m */; };
		A52907AB1D6FEA0C0018D74C /* NSFileManager+Conversa.m in Sources */ = {isa = PBXBuildFile; fileRef = A52907621D6FEA0C0018D74C /* NSFileManager+Conversa.m */; };
		A52907AC1D6FEA0C0018D74C /* NSNumber+Conversa.m in Sources */ = {isa = PBXBuildFile; fileRef = A52907641D6FEA0C0018D74C /* NSNumber+Conversa.m */; };
		A52907AD1D6FEA0C0018D74C /* OneSignalController.m in Sources */ = {isa = PBXBuildFile; fileRef = A52907661D6FEA0C0018D74C /* OneSignalController.m */; };
		A52907AE1D6FEA0C0018D74C /* OneSignalService.m in Sources */ = {isa = PBXBuildFile; fileRef = A52907681D6FEA0C0018D74C /* OneSignalService.m */; };
		A52907AF1D6FEA0C0018D74C /* OptionsViewController.swift in Sources */ = {isa = PBXBuildFile; fileRef = A52907691D6FEA0C0018D74C /* OptionsViewController.swift */; };
		A52907B01D6FEA0C0018D74C /* PhotoMediaItem.m in Sources */ = {isa = PBXBuildFile; fileRef = A529076B1D6FEA0C0018D74C /* PhotoMediaItem.m */; };
		A52907B11D6FEA0C0018D74C /* QRCodeViewController.m in Sources */ = {isa = PBXBuildFile; fileRef = A529076D1D6FEA0C0018D74C /* QRCodeViewController.m */; };
		A52907B21D6FEA0C0018D74C /* RecoverViewController.m in Sources */ = {isa = PBXBuildFile; fileRef = A529076F1D6FEA0C0018D74C /* RecoverViewController.m */; };
		A52907B31D6FEA0C0018D74C /* RegisterViewController.m in Sources */ = {isa = PBXBuildFile; fileRef = A52907711D6FEA0C0018D74C /* RegisterViewController.m */; };
		A52907B41D6FEA0C0018D74C /* SettingsKeys.m in Sources */ = {isa = PBXBuildFile; fileRef = A52907731D6FEA0C0018D74C /* SettingsKeys.m */; };
		A52907B51D6FEA0C0018D74C /* SettingsViewController.m in Sources */ = {isa = PBXBuildFile; fileRef = A52907751D6FEA0C0018D74C /* SettingsViewController.m */; };
		A52907B61D6FEA0C0018D74C /* TagsViewController.swift in Sources */ = {isa = PBXBuildFile; fileRef = A52907761D6FEA0C0018D74C /* TagsViewController.swift */; };
		A52907B71D6FEA0C0018D74C /* TutorialViewController.swift in Sources */ = {isa = PBXBuildFile; fileRef = A52907771D6FEA0C0018D74C /* TutorialViewController.swift */; };
		A52907B81D6FEA0C0018D74C /* Utilities.m in Sources */ = {isa = PBXBuildFile; fileRef = A52907791D6FEA0C0018D74C /* Utilities.m */; };
		A52907B91D6FEA0C0018D74C /* Video.m in Sources */ = {isa = PBXBuildFile; fileRef = A529077B1D6FEA0C0018D74C /* Video.m */; };
		A52907BA1D6FEA0C0018D74C /* VideoMediaItem.m in Sources */ = {isa = PBXBuildFile; fileRef = A529077D1D6FEA0C0018D74C /* VideoMediaItem.m */; };
		A52907BB1D6FEA0C0018D74C /* WhisperBridge.swift in Sources */ = {isa = PBXBuildFile; fileRef = A529077E1D6FEA0C0018D74C /* WhisperBridge.swift */; };
		A52907BC1D6FEA0C0018D74C /* YapAccount.m in Sources */ = {isa = PBXBuildFile; fileRef = A52907801D6FEA0C0018D74C /* YapAccount.m */; };
		A52907BD1D6FEA0C0018D74C /* YapContact.m in Sources */ = {isa = PBXBuildFile; fileRef = A52907821D6FEA0C0018D74C /* YapContact.m */; };
		A52907BE1D6FEA0C0018D74C /* YapDatabaseObject.m in Sources */ = {isa = PBXBuildFile; fileRef = A52907841D6FEA0C0018D74C /* YapDatabaseObject.m */; };
		A52907BF1D6FEA0C0018D74C /* YapMessage.m in Sources */ = {isa = PBXBuildFile; fileRef = A52907861D6FEA0C0018D74C /* YapMessage.m */; };
		A52907C01D6FEA0C0018D74C /* YapTag.m in Sources */ = {isa = PBXBuildFile; fileRef = A52907881D6FEA0C0018D74C /* YapTag.m */; };
		A53962981D70D0E800D557FE /* CustomAblyRealtime.m in Sources */ = {isa = PBXBuildFile; fileRef = A53962971D70D0E800D557FE /* CustomAblyRealtime.m */; };
/* End PBXBuildFile section */

/* Begin PBXFileReference section */
		14C7265B60A805228F91C92C /* Pods-ConversaBusiness.debug.xcconfig */ = {isa = PBXFileReference; includeInIndex = 1; lastKnownFileType = text.xcconfig; name = "Pods-ConversaBusiness.debug.xcconfig"; path = "Pods/Target Support Files/Pods-ConversaBusiness/Pods-ConversaBusiness.debug.xcconfig"; sourceTree = "<group>"; };
		5BDC3807A174ABF70E9B6ED7 /* Pods_ConversaBusiness.framework */ = {isa = PBXFileReference; explicitFileType = wrapper.framework; includeInIndex = 0; path = Pods_ConversaBusiness.framework; sourceTree = BUILT_PRODUCTS_DIR; };
		730C2D40F3F0D5FEE8A9C0FE /* Pods-ConversaBusiness.release.xcconfig */ = {isa = PBXFileReference; includeInIndex = 1; lastKnownFileType = text.xcconfig; name = "Pods-ConversaBusiness.release.xcconfig"; path = "Pods/Target Support Files/Pods-ConversaBusiness/Pods-ConversaBusiness.release.xcconfig"; sourceTree = "<group>"; };
		A52906FF1D6FE93D0018D74C /* ConversaBusiness.app */ = {isa = PBXFileReference; explicitFileType = wrapper.application; includeInIndex = 0; path = ConversaBusiness.app; sourceTree = BUILT_PRODUCTS_DIR; };
		A52907031D6FE93D0018D74C /* main.m */ = {isa = PBXFileReference; lastKnownFileType = sourcecode.c.objc; path = main.m; sourceTree = "<group>"; };
		A52907051D6FE93D0018D74C /* AppDelegate.h */ = {isa = PBXFileReference; lastKnownFileType = sourcecode.c.h; path = AppDelegate.h; sourceTree = "<group>"; };
		A52907061D6FE93D0018D74C /* AppDelegate.m */ = {isa = PBXFileReference; lastKnownFileType = sourcecode.c.objc; path = AppDelegate.m; sourceTree = "<group>"; };
		A529070F1D6FE93D0018D74C /* Base */ = {isa = PBXFileReference; lastKnownFileType = file.storyboard; name = Base; path = Base.lproj/Main.storyboard; sourceTree = "<group>"; };
		A52907111D6FE93D0018D74C /* Assets.xcassets */ = {isa = PBXFileReference; lastKnownFileType = folder.assetcatalog; path = Assets.xcassets; sourceTree = "<group>"; };
		A52907141D6FE93D0018D74C /* Base */ = {isa = PBXFileReference; lastKnownFileType = file.storyboard; name = Base; path = Base.lproj/LaunchScreen.storyboard; sourceTree = "<group>"; };
		A52907161D6FE93D0018D74C /* Info.plist */ = {isa = PBXFileReference; lastKnownFileType = text.plist.xml; path = Info.plist; sourceTree = "<group>"; };
		A529071D1D6FEA0C0018D74C /* AboutViewController.h */ = {isa = PBXFileReference; fileEncoding = 4; lastKnownFileType = sourcecode.c.h; path = AboutViewController.h; sourceTree = "<group>"; };
		A529071E1D6FEA0C0018D74C /* AboutViewController.m */ = {isa = PBXFileReference; fileEncoding = 4; lastKnownFileType = sourcecode.c.objc; path = AboutViewController.m; sourceTree = "<group>"; };
		A529071F1D6FEA0C0018D74C /* Account.h */ = {isa = PBXFileReference; fileEncoding = 4; lastKnownFileType = sourcecode.c.h; path = Account.h; sourceTree = "<group>"; };
		A52907201D6FEA0C0018D74C /* Account.m */ = {isa = PBXFileReference; fileEncoding = 4; lastKnownFileType = sourcecode.c.objc; path = Account.m; sourceTree = "<group>"; };
		A52907211D6FEA0C0018D74C /* AccountSettingsViewController.h */ = {isa = PBXFileReference; fileEncoding = 4; lastKnownFileType = sourcecode.c.h; path = AccountSettingsViewController.h; sourceTree = "<group>"; };
		A52907221D6FEA0C0018D74C /* AccountSettingsViewController.m */ = {isa = PBXFileReference; fileEncoding = 4; lastKnownFileType = sourcecode.c.objc; path = AccountSettingsViewController.m; sourceTree = "<group>"; };
		A52907231D6FEA0C0018D74C /* Audio.h */ = {isa = PBXFileReference; fileEncoding = 4; lastKnownFileType = sourcecode.c.h; path = Audio.h; sourceTree = "<group>"; };
		A52907241D6FEA0C0018D74C /* Audio.m */ = {isa = PBXFileReference; fileEncoding = 4; lastKnownFileType = sourcecode.c.objc; path = Audio.m; sourceTree = "<group>"; };
		A52907251D6FEA0C0018D74C /* AudioMediaItem.h */ = {isa = PBXFileReference; fileEncoding = 4; lastKnownFileType = sourcecode.c.h; path = AudioMediaItem.h; sourceTree = "<group>"; };
		A52907261D6FEA0C0018D74C /* AudioMediaItem.m */ = {isa = PBXFileReference; fileEncoding = 4; lastKnownFileType = sourcecode.c.objc; path = AudioMediaItem.m; sourceTree = "<group>"; };
		A52907271D6FEA0C0018D74C /* BlockViewController.h */ = {isa = PBXFileReference; fileEncoding = 4; lastKnownFileType = sourcecode.c.h; path = BlockViewController.h; sourceTree = "<group>"; };
		A52907281D6FEA0C0018D74C /* BlockViewController.m */ = {isa = PBXFileReference; fileEncoding = 4; lastKnownFileType = sourcecode.c.objc; path = BlockViewController.m; sourceTree = "<group>"; };
		A52907291D6FEA0C0018D74C /* Business.h */ = {isa = PBXFileReference; fileEncoding = 4; lastKnownFileType = sourcecode.c.h; path = Business.h; sourceTree = "<group>"; };
		A529072A1D6FEA0C0018D74C /* Business.m */ = {isa = PBXFileReference; fileEncoding = 4; lastKnownFileType = sourcecode.c.objc; path = Business.m; sourceTree = "<group>"; };
		A529072B1D6FEA0C0018D74C /* Camera.h */ = {isa = PBXFileReference; fileEncoding = 4; lastKnownFileType = sourcecode.c.h; path = Camera.h; sourceTree = "<group>"; };
		A529072C1D6FEA0C0018D74C /* Camera.m */ = {isa = PBXFileReference; fileEncoding = 4; lastKnownFileType = sourcecode.c.objc; path = Camera.m; sourceTree = "<group>"; };
		A529072D1D6FEA0C0018D74C /* ChatSettingsViewController.h */ = {isa = PBXFileReference; fileEncoding = 4; lastKnownFileType = sourcecode.c.h; path = ChatSettingsViewController.h; sourceTree = "<group>"; };
		A529072E1D6FEA0C0018D74C /* ChatSettingsViewController.m */ = {isa = PBXFileReference; fileEncoding = 4; lastKnownFileType = sourcecode.c.objc; path = ChatSettingsViewController.m; sourceTree = "<group>"; };
		A529072F1D6FEA0C0018D74C /* ChatsViewController.h */ = {isa = PBXFileReference; fileEncoding = 4; lastKnownFileType = sourcecode.c.h; path = ChatsViewController.h; sourceTree = "<group>"; };
		A52907301D6FEA0C0018D74C /* ChatsViewController.m */ = {isa = PBXFileReference; fileEncoding = 4; lastKnownFileType = sourcecode.c.objc; path = ChatsViewController.m; sourceTree = "<group>"; };
		A52907311D6FEA0C0018D74C /* Colors.h */ = {isa = PBXFileReference; fileEncoding = 4; lastKnownFileType = sourcecode.c.h; path = Colors.h; sourceTree = "<group>"; };
		A52907321D6FEA0C0018D74C /* Colors.m */ = {isa = PBXFileReference; fileEncoding = 4; lastKnownFileType = sourcecode.c.objc; path = Colors.m; sourceTree = "<group>"; };
		A52907331D6FEA0C0018D74C /* Constants.h */ = {isa = PBXFileReference; fileEncoding = 4; lastKnownFileType = sourcecode.c.h; path = Constants.h; sourceTree = "<group>"; };
		A52907341D6FEA0C0018D74C /* Constants.m */ = {isa = PBXFileReference; fileEncoding = 4; lastKnownFileType = sourcecode.c.objc; path = Constants.m; sourceTree = "<group>"; };
		A52907351D6FEA0C0018D74C /* ContentViewController.swift */ = {isa = PBXFileReference; fileEncoding = 4; lastKnownFileType = sourcecode.swift; path = ContentViewController.swift; sourceTree = "<group>"; };
		A52907361D6FEA0C0018D74C /* ConversaBusiness-Bridging-Header.h */ = {isa = PBXFileReference; fileEncoding = 4; lastKnownFileType = sourcecode.c.h; path = "ConversaBusiness-Bridging-Header.h"; sourceTree = "<group>"; };
		A529073B1D6FEA0C0018D74C /* ConversationViewController.h */ = {isa = PBXFileReference; fileEncoding = 4; lastKnownFileType = sourcecode.c.h; path = ConversationViewController.h; sourceTree = "<group>"; };
		A529073C1D6FEA0C0018D74C /* ConversationViewController.m */ = {isa = PBXFileReference; fileEncoding = 4; lastKnownFileType = sourcecode.c.objc; path = ConversationViewController.m; sourceTree = "<group>"; };
		A529073D1D6FEA0C0018D74C /* CustomBlockCell.h */ = {isa = PBXFileReference; fileEncoding = 4; lastKnownFileType = sourcecode.c.h; path = CustomBlockCell.h; sourceTree = "<group>"; };
		A529073E1D6FEA0C0018D74C /* CustomBlockCell.m */ = {isa = PBXFileReference; fileEncoding = 4; lastKnownFileType = sourcecode.c.objc; path = CustomBlockCell.m; sourceTree = "<group>"; };
		A529073F1D6FEA0C0018D74C /* CustomChatCell.h */ = {isa = PBXFileReference; fileEncoding = 4; lastKnownFileType = sourcecode.c.h; path = CustomChatCell.h; sourceTree = "<group>"; };
		A52907401D6FEA0C0018D74C /* CustomChatCell.m */ = {isa = PBXFileReference; fileEncoding = 4; lastKnownFileType = sourcecode.c.objc; path = CustomChatCell.m; sourceTree = "<group>"; };
		A52907411D6FEA0C0018D74C /* Customer.h */ = {isa = PBXFileReference; fileEncoding = 4; lastKnownFileType = sourcecode.c.h; path = Customer.h; sourceTree = "<group>"; };
		A52907421D6FEA0C0018D74C /* Customer.m */ = {isa = PBXFileReference; fileEncoding = 4; lastKnownFileType = sourcecode.c.objc; path = Customer.m; sourceTree = "<group>"; };
		A52907431D6FEA0C0018D74C /* CustomSettingCell.h */ = {isa = PBXFileReference; fileEncoding = 4; lastKnownFileType = sourcecode.c.h; path = CustomSettingCell.h; sourceTree = "<group>"; };
		A52907441D6FEA0C0018D74C /* CustomSettingCell.m */ = {isa = PBXFileReference; fileEncoding = 4; lastKnownFileType = sourcecode.c.objc; path = CustomSettingCell.m; sourceTree = "<group>"; };
		A52907451D6FEA0C0018D74C /* DatabaseManager.h */ = {isa = PBXFileReference; fileEncoding = 4; lastKnownFileType = sourcecode.c.h; path = DatabaseManager.h; sourceTree = "<group>"; };
		A52907461D6FEA0C0018D74C /* DatabaseManager.m */ = {isa = PBXFileReference; fileEncoding = 4; lastKnownFileType = sourcecode.c.objc; path = DatabaseManager.m; sourceTree = "<group>"; };
		A52907471D6FEA0C0018D74C /* DatabaseView.h */ = {isa = PBXFileReference; fileEncoding = 4; lastKnownFileType = sourcecode.c.h; path = DatabaseView.h; sourceTree = "<group>"; };
		A52907481D6FEA0C0018D74C /* DatabaseView.m */ = {isa = PBXFileReference; fileEncoding = 4; lastKnownFileType = sourcecode.c.objc; path = DatabaseView.m; sourceTree = "<group>"; };
		A52907491D6FEA0C0018D74C /* DetailAccountViewController.h */ = {isa = PBXFileReference; fileEncoding = 4; lastKnownFileType = sourcecode.c.h; path = DetailAccountViewController.h; sourceTree = "<group>"; };
		A529074A1D6FEA0C0018D74C /* DetailAccountViewController.m */ = {isa = PBXFileReference; fileEncoding = 4; lastKnownFileType = sourcecode.c.objc; path = DetailAccountViewController.m; sourceTree = "<group>"; };
		A529074B1D6FEA0C0018D74C /* DOFavoriteButton.swift */ = {isa = PBXFileReference; fileEncoding = 4; lastKnownFileType = sourcecode.swift; path = DOFavoriteButton.swift; sourceTree = "<group>"; };
		A529074C1D6FEA0C0018D74C /* Image.h */ = {isa = PBXFileReference; fileEncoding = 4; lastKnownFileType = sourcecode.c.h; path = Image.h; sourceTree = "<group>"; };
		A529074D1D6FEA0C0018D74C /* Image.m */ = {isa = PBXFileReference; fileEncoding = 4; lastKnownFileType = sourcecode.c.objc; path = Image.m; sourceTree = "<group>"; };
		A529074E1D6FEA0C0018D74C /* Incoming.h */ = {isa = PBXFileReference; fileEncoding = 4; lastKnownFileType = sourcecode.c.h; path = Incoming.h; sourceTree = "<group>"; };
		A529074F1D6FEA0C0018D74C /* Incoming.m */ = {isa = PBXFileReference; fileEncoding = 4; lastKnownFileType = sourcecode.c.objc; path = Incoming.m; sourceTree = "<group>"; };
		A52907501D6FEA0C0018D74C /* Log.h */ = {isa = PBXFileReference; fileEncoding = 4; lastKnownFileType = sourcecode.c.h; path = Log.h; sourceTree = "<group>"; };
		A52907511D6FEA0C0018D74C /* LoginHandler.h */ = {isa = PBXFileReference; fileEncoding = 4; lastKnownFileType = sourcecode.c.h; path = LoginHandler.h; sourceTree = "<group>"; };
		A52907521D6FEA0C0018D74C /* LoginHandler.m */ = {isa = PBXFileReference; fileEncoding = 4; lastKnownFileType = sourcecode.c.objc; path = LoginHandler.m; sourceTree = "<group>"; };
		A52907531D6FEA0C0018D74C /* LoginViewController.h */ = {isa = PBXFileReference; fileEncoding = 4; lastKnownFileType = sourcecode.c.h; path = LoginViewController.h; sourceTree = "<group>"; };
		A52907541D6FEA0C0018D74C /* LoginViewController.m */ = {isa = PBXFileReference; fileEncoding = 4; lastKnownFileType = sourcecode.c.objc; path = LoginViewController.m; sourceTree = "<group>"; };
		A52907551D6FEA0C0018D74C /* Main.storyboard */ = {isa = PBXFileReference; fileEncoding = 4; lastKnownFileType = file.storyboard; path = Main.storyboard; sourceTree = "<group>"; };
		A52907561D6FEA0C0018D74C /* MapView.h */ = {isa = PBXFileReference; fileEncoding = 4; lastKnownFileType = sourcecode.c.h; path = MapView.h; sourceTree = "<group>"; };
		A52907571D6FEA0C0018D74C /* MapView.m */ = {isa = PBXFileReference; fileEncoding = 4; lastKnownFileType = sourcecode.c.objc; path = MapView.m; sourceTree = "<group>"; };
		A52907581D6FEA0C0018D74C /* MapView.xib */ = {isa = PBXFileReference; fileEncoding = 4; lastKnownFileType = file.xib; path = MapView.xib; sourceTree = "<group>"; };
		A52907591D6FEA0C0018D74C /* Message.h */ = {isa = PBXFileReference; fileEncoding = 4; lastKnownFileType = sourcecode.c.h; path = Message.h; sourceTree = "<group>"; };
		A529075A1D6FEA0C0018D74C /* Message.m */ = {isa = PBXFileReference; fileEncoding = 4; lastKnownFileType = sourcecode.c.objc; path = Message.m; sourceTree = "<group>"; };
		A529075B1D6FEA0C0018D74C /* NetworkUtilities.h */ = {isa = PBXFileReference; fileEncoding = 4; lastKnownFileType = sourcecode.c.h; path = NetworkUtilities.h; sourceTree = "<group>"; };
		A529075C1D6FEA0C0018D74C /* NetworkUtilities.m */ = {isa = PBXFileReference; fileEncoding = 4; lastKnownFileType = sourcecode.c.objc; path = NetworkUtilities.m; sourceTree = "<group>"; };
		A529075D1D6FEA0C0018D74C /* NotificationPermissions.h */ = {isa = PBXFileReference; fileEncoding = 4; lastKnownFileType = sourcecode.c.h; path = NotificationPermissions.h; sourceTree = "<group>"; };
		A529075E1D6FEA0C0018D74C /* NotificationPermissions.m */ = {isa = PBXFileReference; fileEncoding = 4; lastKnownFileType = sourcecode.c.objc; path = NotificationPermissions.m; sourceTree = "<group>"; };
		A529075F1D6FEA0C0018D74C /* NotificationsViewController.h */ = {isa = PBXFileReference; fileEncoding = 4; lastKnownFileType = sourcecode.c.h; path = NotificationsViewController.h; sourceTree = "<group>"; };
		A52907601D6FEA0C0018D74C /* NotificationsViewController.m */ = {isa = PBXFileReference; fileEncoding = 4; lastKnownFileType = sourcecode.c.objc; path = NotificationsViewController.m; sourceTree = "<group>"; };
		A52907611D6FEA0C0018D74C /* NSFileManager+Conversa.h */ = {isa = PBXFileReference; fileEncoding = 4; lastKnownFileType = sourcecode.c.h; path = "NSFileManager+Conversa.h"; sourceTree = "<group>"; };
		A52907621D6FEA0C0018D74C /* NSFileManager+Conversa.m */ = {isa = PBXFileReference; fileEncoding = 4; lastKnownFileType = sourcecode.c.objc; path = "NSFileManager+Conversa.m"; sourceTree = "<group>"; };
		A52907631D6FEA0C0018D74C /* NSNumber+Conversa.h */ = {isa = PBXFileReference; fileEncoding = 4; lastKnownFileType = sourcecode.c.h; path = "NSNumber+Conversa.h"; sourceTree = "<group>"; };
		A52907641D6FEA0C0018D74C /* NSNumber+Conversa.m */ = {isa = PBXFileReference; fileEncoding = 4; lastKnownFileType = sourcecode.c.objc; path = "NSNumber+Conversa.m"; sourceTree = "<group>"; };
		A52907651D6FEA0C0018D74C /* OneSignalController.h */ = {isa = PBXFileReference; fileEncoding = 4; lastKnownFileType = sourcecode.c.h; path = OneSignalController.h; sourceTree = "<group>"; };
		A52907661D6FEA0C0018D74C /* OneSignalController.m */ = {isa = PBXFileReference; fileEncoding = 4; lastKnownFileType = sourcecode.c.objc; path = OneSignalController.m; sourceTree = "<group>"; };
		A52907671D6FEA0C0018D74C /* OneSignalService.h */ = {isa = PBXFileReference; fileEncoding = 4; lastKnownFileType = sourcecode.c.h; path = OneSignalService.h; sourceTree = "<group>"; };
		A52907681D6FEA0C0018D74C /* OneSignalService.m */ = {isa = PBXFileReference; fileEncoding = 4; lastKnownFileType = sourcecode.c.objc; path = OneSignalService.m; sourceTree = "<group>"; };
		A52907691D6FEA0C0018D74C /* OptionsViewController.swift */ = {isa = PBXFileReference; fileEncoding = 4; lastKnownFileType = sourcecode.swift; path = OptionsViewController.swift; sourceTree = "<group>"; };
		A529076A1D6FEA0C0018D74C /* PhotoMediaItem.h */ = {isa = PBXFileReference; fileEncoding = 4; lastKnownFileType = sourcecode.c.h; path = PhotoMediaItem.h; sourceTree = "<group>"; };
		A529076B1D6FEA0C0018D74C /* PhotoMediaItem.m */ = {isa = PBXFileReference; fileEncoding = 4; lastKnownFileType = sourcecode.c.objc; path = PhotoMediaItem.m; sourceTree = "<group>"; };
		A529076C1D6FEA0C0018D74C /* QRCodeViewController.h */ = {isa = PBXFileReference; fileEncoding = 4; lastKnownFileType = sourcecode.c.h; path = QRCodeViewController.h; sourceTree = "<group>"; };
		A529076D1D6FEA0C0018D74C /* QRCodeViewController.m */ = {isa = PBXFileReference; fileEncoding = 4; lastKnownFileType = sourcecode.c.objc; path = QRCodeViewController.m; sourceTree = "<group>"; };
		A529076E1D6FEA0C0018D74C /* RecoverViewController.h */ = {isa = PBXFileReference; fileEncoding = 4; lastKnownFileType = sourcecode.c.h; path = RecoverViewController.h; sourceTree = "<group>"; };
		A529076F1D6FEA0C0018D74C /* RecoverViewController.m */ = {isa = PBXFileReference; fileEncoding = 4; lastKnownFileType = sourcecode.c.objc; path = RecoverViewController.m; sourceTree = "<group>"; };
		A52907701D6FEA0C0018D74C /* RegisterViewController.h */ = {isa = PBXFileReference; fileEncoding = 4; lastKnownFileType = sourcecode.c.h; path = RegisterViewController.h; sourceTree = "<group>"; };
		A52907711D6FEA0C0018D74C /* RegisterViewController.m */ = {isa = PBXFileReference; fileEncoding = 4; lastKnownFileType = sourcecode.c.objc; path = RegisterViewController.m; sourceTree = "<group>"; };
		A52907721D6FEA0C0018D74C /* SettingsKeys.h */ = {isa = PBXFileReference; fileEncoding = 4; lastKnownFileType = sourcecode.c.h; path = SettingsKeys.h; sourceTree = "<group>"; };
		A52907731D6FEA0C0018D74C /* SettingsKeys.m */ = {isa = PBXFileReference; fileEncoding = 4; lastKnownFileType = sourcecode.c.objc; path = SettingsKeys.m; sourceTree = "<group>"; };
		A52907741D6FEA0C0018D74C /* SettingsViewController.h */ = {isa = PBXFileReference; fileEncoding = 4; lastKnownFileType = sourcecode.c.h; path = SettingsViewController.h; sourceTree = "<group>"; };
		A52907751D6FEA0C0018D74C /* SettingsViewController.m */ = {isa = PBXFileReference; fileEncoding = 4; lastKnownFileType = sourcecode.c.objc; path = SettingsViewController.m; sourceTree = "<group>"; };
		A52907761D6FEA0C0018D74C /* TagsViewController.swift */ = {isa = PBXFileReference; fileEncoding = 4; lastKnownFileType = sourcecode.swift; path = TagsViewController.swift; sourceTree = "<group>"; };
		A52907771D6FEA0C0018D74C /* TutorialViewController.swift */ = {isa = PBXFileReference; fileEncoding = 4; lastKnownFileType = sourcecode.swift; path = TutorialViewController.swift; sourceTree = "<group>"; };
		A52907781D6FEA0C0018D74C /* Utilities.h */ = {isa = PBXFileReference; fileEncoding = 4; lastKnownFileType = sourcecode.c.h; path = Utilities.h; sourceTree = "<group>"; };
		A52907791D6FEA0C0018D74C /* Utilities.m */ = {isa = PBXFileReference; fileEncoding = 4; lastKnownFileType = sourcecode.c.objc; path = Utilities.m; sourceTree = "<group>"; };
		A529077A1D6FEA0C0018D74C /* Video.h */ = {isa = PBXFileReference; fileEncoding = 4; lastKnownFileType = sourcecode.c.h; path = Video.h; sourceTree = "<group>"; };
		A529077B1D6FEA0C0018D74C /* Video.m */ = {isa = PBXFileReference; fileEncoding = 4; lastKnownFileType = sourcecode.c.objc; path = Video.m; sourceTree = "<group>"; };
		A529077C1D6FEA0C0018D74C /* VideoMediaItem.h */ = {isa = PBXFileReference; fileEncoding = 4; lastKnownFileType = sourcecode.c.h; path = VideoMediaItem.h; sourceTree = "<group>"; };
		A529077D1D6FEA0C0018D74C /* VideoMediaItem.m */ = {isa = PBXFileReference; fileEncoding = 4; lastKnownFileType = sourcecode.c.objc; path = VideoMediaItem.m; sourceTree = "<group>"; };
		A529077E1D6FEA0C0018D74C /* WhisperBridge.swift */ = {isa = PBXFileReference; fileEncoding = 4; lastKnownFileType = sourcecode.swift; path = WhisperBridge.swift; sourceTree = "<group>"; };
		A529077F1D6FEA0C0018D74C /* YapAccount.h */ = {isa = PBXFileReference; fileEncoding = 4; lastKnownFileType = sourcecode.c.h; path = YapAccount.h; sourceTree = "<group>"; };
		A52907801D6FEA0C0018D74C /* YapAccount.m */ = {isa = PBXFileReference; fileEncoding = 4; lastKnownFileType = sourcecode.c.objc; path = YapAccount.m; sourceTree = "<group>"; };
		A52907811D6FEA0C0018D74C /* YapContact.h */ = {isa = PBXFileReference; fileEncoding = 4; lastKnownFileType = sourcecode.c.h; path = YapContact.h; sourceTree = "<group>"; };
		A52907821D6FEA0C0018D74C /* YapContact.m */ = {isa = PBXFileReference; fileEncoding = 4; lastKnownFileType = sourcecode.c.objc; path = YapContact.m; sourceTree = "<group>"; };
		A52907831D6FEA0C0018D74C /* YapDatabaseObject.h */ = {isa = PBXFileReference; fileEncoding = 4; lastKnownFileType = sourcecode.c.h; path = YapDatabaseObject.h; sourceTree = "<group>"; };
		A52907841D6FEA0C0018D74C /* YapDatabaseObject.m */ = {isa = PBXFileReference; fileEncoding = 4; lastKnownFileType = sourcecode.c.objc; path = YapDatabaseObject.m; sourceTree = "<group>"; };
		A52907851D6FEA0C0018D74C /* YapMessage.h */ = {isa = PBXFileReference; fileEncoding = 4; lastKnownFileType = sourcecode.c.h; path = YapMessage.h; sourceTree = "<group>"; };
		A52907861D6FEA0C0018D74C /* YapMessage.m */ = {isa = PBXFileReference; fileEncoding = 4; lastKnownFileType = sourcecode.c.objc; path = YapMessage.m; sourceTree = "<group>"; };
		A52907871D6FEA0C0018D74C /* YapTag.h */ = {isa = PBXFileReference; fileEncoding = 4; lastKnownFileType = sourcecode.c.h; path = YapTag.h; sourceTree = "<group>"; };
		A52907881D6FEA0C0018D74C /* YapTag.m */ = {isa = PBXFileReference; fileEncoding = 4; lastKnownFileType = sourcecode.c.objc; path = YapTag.m; sourceTree = "<group>"; };
		A53962961D70D0E800D557FE /* CustomAblyRealtime.h */ = {isa = PBXFileReference; fileEncoding = 4; lastKnownFileType = sourcecode.c.h; path = CustomAblyRealtime.h; sourceTree = "<group>"; };
		A53962971D70D0E800D557FE /* CustomAblyRealtime.m */ = {isa = PBXFileReference; fileEncoding = 4; lastKnownFileType = sourcecode.c.objc; path = CustomAblyRealtime.m; sourceTree = "<group>"; };
		A5F78A881D6FF22600A3ADD8 /* ConversaBusiness-Bridging-Header.h */ = {isa = PBXFileReference; fileEncoding = 4; lastKnownFileType = sourcecode.c.h; path = "ConversaBusiness-Bridging-Header.h"; sourceTree = "<group>"; };
/* End PBXFileReference section */

/* Begin PBXFrameworksBuildPhase section */
		A52906FC1D6FE93D0018D74C /* Frameworks */ = {
			isa = PBXFrameworksBuildPhase;
			buildActionMask = 2147483647;
			files = (
				963B1FD86FACF3CDB9420F6D /* Pods_ConversaBusiness.framework in Frameworks */,
			);
			runOnlyForDeploymentPostprocessing = 0;
		};
/* End PBXFrameworksBuildPhase section */

/* Begin PBXGroup section */
		306D4D6EB90FF4CF94610ED1 /* Pods */ = {
			isa = PBXGroup;
			children = (
				14C7265B60A805228F91C92C /* Pods-ConversaBusiness.debug.xcconfig */,
				730C2D40F3F0D5FEE8A9C0FE /* Pods-ConversaBusiness.release.xcconfig */,
			);
			name = Pods;
			sourceTree = "<group>";
		};
		A52906F61D6FE93D0018D74C = {
			isa = PBXGroup;
			children = (
				A529071C1D6FEA0C0018D74C /* Classes */,
				A52907011D6FE93D0018D74C /* ConversaBusiness */,
				A52907001D6FE93D0018D74C /* Products */,
				306D4D6EB90FF4CF94610ED1 /* Pods */,
				B1F49186847E89C58210970B /* Frameworks */,
			);
			sourceTree = "<group>";
		};
		A52907001D6FE93D0018D74C /* Products */ = {
			isa = PBXGroup;
			children = (
				A52906FF1D6FE93D0018D74C /* ConversaBusiness.app */,
			);
			name = Products;
			sourceTree = "<group>";
		};
		A52907011D6FE93D0018D74C /* ConversaBusiness */ = {
			isa = PBXGroup;
			children = (
				A52907051D6FE93D0018D74C /* AppDelegate.h */,
				A52907061D6FE93D0018D74C /* AppDelegate.m */,
				A5F78A881D6FF22600A3ADD8 /* ConversaBusiness-Bridging-Header.h */,
				A529070E1D6FE93D0018D74C /* Main.storyboard */,
				A52907111D6FE93D0018D74C /* Assets.xcassets */,
				A52907131D6FE93D0018D74C /* LaunchScreen.storyboard */,
				A52907161D6FE93D0018D74C /* Info.plist */,
				A52907021D6FE93D0018D74C /* Supporting Files */,
			);
			path = ConversaBusiness;
			sourceTree = "<group>";
		};
		A52907021D6FE93D0018D74C /* Supporting Files */ = {
			isa = PBXGroup;
			children = (
				A52907031D6FE93D0018D74C /* main.m */,
			);
			name = "Supporting Files";
			sourceTree = "<group>";
		};
		A529071C1D6FEA0C0018D74C /* Classes */ = {
			isa = PBXGroup;
			children = (
				A529071D1D6FEA0C0018D74C /* AboutViewController.h */,
				A529071E1D6FEA0C0018D74C /* AboutViewController.m */,
				A529071F1D6FEA0C0018D74C /* Account.h */,
				A52907201D6FEA0C0018D74C /* Account.m */,
				A52907211D6FEA0C0018D74C /* AccountSettingsViewController.h */,
				A52907221D6FEA0C0018D74C /* AccountSettingsViewController.m */,
				A52907231D6FEA0C0018D74C /* Audio.h */,
				A52907241D6FEA0C0018D74C /* Audio.m */,
				A52907251D6FEA0C0018D74C /* AudioMediaItem.h */,
				A52907261D6FEA0C0018D74C /* AudioMediaItem.m */,
				A52907271D6FEA0C0018D74C /* BlockViewController.h */,
				A52907281D6FEA0C0018D74C /* BlockViewController.m */,
				A52907291D6FEA0C0018D74C /* Business.h */,
				A529072A1D6FEA0C0018D74C /* Business.m */,
				A529072B1D6FEA0C0018D74C /* Camera.h */,
				A529072C1D6FEA0C0018D74C /* Camera.m */,
				A529072D1D6FEA0C0018D74C /* ChatSettingsViewController.h */,
				A529072E1D6FEA0C0018D74C /* ChatSettingsViewController.m */,
				A529072F1D6FEA0C0018D74C /* ChatsViewController.h */,
				A52907301D6FEA0C0018D74C /* ChatsViewController.m */,
				A52907311D6FEA0C0018D74C /* Colors.h */,
				A52907321D6FEA0C0018D74C /* Colors.m */,
				A52907331D6FEA0C0018D74C /* Constants.h */,
				A52907341D6FEA0C0018D74C /* Constants.m */,
				A52907351D6FEA0C0018D74C /* ContentViewController.swift */,
				A52907361D6FEA0C0018D74C /* ConversaBusiness-Bridging-Header.h */,
				A529073B1D6FEA0C0018D74C /* ConversationViewController.h */,
				A529073C1D6FEA0C0018D74C /* ConversationViewController.m */,
				A529073D1D6FEA0C0018D74C /* CustomBlockCell.h */,
				A529073E1D6FEA0C0018D74C /* CustomBlockCell.m */,
				A529073F1D6FEA0C0018D74C /* CustomChatCell.h */,
				A52907401D6FEA0C0018D74C /* CustomChatCell.m */,
				A52907411D6FEA0C0018D74C /* Customer.h */,
				A52907421D6FEA0C0018D74C /* Customer.m */,
				A52907431D6FEA0C0018D74C /* CustomSettingCell.h */,
				A52907441D6FEA0C0018D74C /* CustomSettingCell.m */,
				A52907451D6FEA0C0018D74C /* DatabaseManager.h */,
				A52907461D6FEA0C0018D74C /* DatabaseManager.m */,
				A52907471D6FEA0C0018D74C /* DatabaseView.h */,
				A52907481D6FEA0C0018D74C /* DatabaseView.m */,
				A52907491D6FEA0C0018D74C /* DetailAccountViewController.h */,
				A529074A1D6FEA0C0018D74C /* DetailAccountViewController.m */,
				A529074B1D6FEA0C0018D74C /* DOFavoriteButton.swift */,
				A529074C1D6FEA0C0018D74C /* Image.h */,
				A529074D1D6FEA0C0018D74C /* Image.m */,
				A529074E1D6FEA0C0018D74C /* Incoming.h */,
				A529074F1D6FEA0C0018D74C /* Incoming.m */,
				A52907501D6FEA0C0018D74C /* Log.h */,
				A52907511D6FEA0C0018D74C /* LoginHandler.h */,
				A52907521D6FEA0C0018D74C /* LoginHandler.m */,
				A52907531D6FEA0C0018D74C /* LoginViewController.h */,
				A52907541D6FEA0C0018D74C /* LoginViewController.m */,
				A52907551D6FEA0C0018D74C /* Main.storyboard */,
				A52907561D6FEA0C0018D74C /* MapView.h */,
				A52907571D6FEA0C0018D74C /* MapView.m */,
				A52907581D6FEA0C0018D74C /* MapView.xib */,
				A52907591D6FEA0C0018D74C /* Message.h */,
				A529075A1D6FEA0C0018D74C /* Message.m */,
				A529075B1D6FEA0C0018D74C /* NetworkUtilities.h */,
				A529075C1D6FEA0C0018D74C /* NetworkUtilities.m */,
				A529075D1D6FEA0C0018D74C /* NotificationPermissions.h */,
				A529075E1D6FEA0C0018D74C /* NotificationPermissions.m */,
				A529075F1D6FEA0C0018D74C /* NotificationsViewController.h */,
				A52907601D6FEA0C0018D74C /* NotificationsViewController.m */,
				A52907611D6FEA0C0018D74C /* NSFileManager+Conversa.h */,
				A52907621D6FEA0C0018D74C /* NSFileManager+Conversa.m */,
				A52907631D6FEA0C0018D74C /* NSNumber+Conversa.h */,
				A52907641D6FEA0C0018D74C /* NSNumber+Conversa.m */,
				A52907651D6FEA0C0018D74C /* OneSignalController.h */,
				A53962961D70D0E800D557FE /* CustomAblyRealtime.h */,
				A53962971D70D0E800D557FE /* CustomAblyRealtime.m */,
				A52907661D6FEA0C0018D74C /* OneSignalController.m */,
				A52907671D6FEA0C0018D74C /* OneSignalService.h */,
				A52907681D6FEA0C0018D74C /* OneSignalService.m */,
				A52907691D6FEA0C0018D74C /* OptionsViewController.swift */,
				A529076A1D6FEA0C0018D74C /* PhotoMediaItem.h */,
				A529076B1D6FEA0C0018D74C /* PhotoMediaItem.m */,
				A529076C1D6FEA0C0018D74C /* QRCodeViewController.h */,
				A529076D1D6FEA0C0018D74C /* QRCodeViewController.m */,
				A529076E1D6FEA0C0018D74C /* RecoverViewController.h */,
				A529076F1D6FEA0C0018D74C /* RecoverViewController.m */,
				A52907701D6FEA0C0018D74C /* RegisterViewController.h */,
				A52907711D6FEA0C0018D74C /* RegisterViewController.m */,
				A52907721D6FEA0C0018D74C /* SettingsKeys.h */,
				A52907731D6FEA0C0018D74C /* SettingsKeys.m */,
				A52907741D6FEA0C0018D74C /* SettingsViewController.h */,
				A52907751D6FEA0C0018D74C /* SettingsViewController.m */,
				A52907761D6FEA0C0018D74C /* TagsViewController.swift */,
				A52907771D6FEA0C0018D74C /* TutorialViewController.swift */,
				A52907781D6FEA0C0018D74C /* Utilities.h */,
				A52907791D6FEA0C0018D74C /* Utilities.m */,
				A529077A1D6FEA0C0018D74C /* Video.h */,
				A529077B1D6FEA0C0018D74C /* Video.m */,
				A529077C1D6FEA0C0018D74C /* VideoMediaItem.h */,
				A529077D1D6FEA0C0018D74C /* VideoMediaItem.m */,
				A529077E1D6FEA0C0018D74C /* WhisperBridge.swift */,
				A529077F1D6FEA0C0018D74C /* YapAccount.h */,
				A52907801D6FEA0C0018D74C /* YapAccount.m */,
				A52907811D6FEA0C0018D74C /* YapContact.h */,
				A52907821D6FEA0C0018D74C /* YapContact.m */,
				A52907831D6FEA0C0018D74C /* YapDatabaseObject.h */,
				A52907841D6FEA0C0018D74C /* YapDatabaseObject.m */,
				A52907851D6FEA0C0018D74C /* YapMessage.h */,
				A52907861D6FEA0C0018D74C /* YapMessage.m */,
				A52907871D6FEA0C0018D74C /* YapTag.h */,
				A52907881D6FEA0C0018D74C /* YapTag.m */,
			);
			path = Classes;
			sourceTree = "<group>";
		};
		B1F49186847E89C58210970B /* Frameworks */ = {
			isa = PBXGroup;
			children = (
				5BDC3807A174ABF70E9B6ED7 /* Pods_ConversaBusiness.framework */,
			);
			name = Frameworks;
			sourceTree = "<group>";
		};
/* End PBXGroup section */

/* Begin PBXNativeTarget section */
		A52906FE1D6FE93D0018D74C /* ConversaBusiness */ = {
			isa = PBXNativeTarget;
			buildConfigurationList = A52907191D6FE93D0018D74C /* Build configuration list for PBXNativeTarget "ConversaBusiness" */;
			buildPhases = (
				6460A74A010A7E7D5A1FA05B /* Check Pods Manifest.lock */,
				A52906FB1D6FE93D0018D74C /* Sources */,
				A52906FC1D6FE93D0018D74C /* Frameworks */,
				A52906FD1D6FE93D0018D74C /* Resources */,
				A1D4F3A6D1CF10C2D0084DEA /* Embed Pods Frameworks */,
				89A73B3E2160B628F5197106 /* Copy Pods Resources */,
			);
			buildRules = (
			);
			dependencies = (
			);
			name = ConversaBusiness;
			productName = ConversaBusiness;
			productReference = A52906FF1D6FE93D0018D74C /* ConversaBusiness.app */;
			productType = "com.apple.product-type.application";
		};
/* End PBXNativeTarget section */

/* Begin PBXProject section */
		A52906F71D6FE93D0018D74C /* Project object */ = {
			isa = PBXProject;
			attributes = {
				LastUpgradeCheck = 0730;
				ORGANIZATIONNAME = Conversa;
				TargetAttributes = {
					A52906FE1D6FE93D0018D74C = {
						CreatedOnToolsVersion = 7.3.1;
						SystemCapabilities = {
							com.apple.BackgroundModes = {
								enabled = 1;
							};
						};
					};
				};
			};
			buildConfigurationList = A52906FA1D6FE93D0018D74C /* Build configuration list for PBXProject "ConversaBusiness" */;
			compatibilityVersion = "Xcode 3.2";
			developmentRegion = English;
			hasScannedForEncodings = 0;
			knownRegions = (
				en,
				Base,
			);
			mainGroup = A52906F61D6FE93D0018D74C;
			productRefGroup = A52907001D6FE93D0018D74C /* Products */;
			projectDirPath = "";
			projectRoot = "";
			targets = (
				A52906FE1D6FE93D0018D74C /* ConversaBusiness */,
			);
		};
/* End PBXProject section */

/* Begin PBXResourcesBuildPhase section */
		A52906FD1D6FE93D0018D74C /* Resources */ = {
			isa = PBXResourcesBuildPhase;
			buildActionMask = 2147483647;
			files = (
				A52907151D6FE93D0018D74C /* LaunchScreen.storyboard in Resources */,
				A52907A41D6FEA0C0018D74C /* Main.storyboard in Resources */,
				A52907A61D6FEA0C0018D74C /* MapView.xib in Resources */,
				A52907121D6FE93D0018D74C /* Assets.xcassets in Resources */,
				A52907101D6FE93D0018D74C /* Main.storyboard in Resources */,
			);
			runOnlyForDeploymentPostprocessing = 0;
		};
/* End PBXResourcesBuildPhase section */

/* Begin PBXShellScriptBuildPhase section */
		6460A74A010A7E7D5A1FA05B /* Check Pods Manifest.lock */ = {
			isa = PBXShellScriptBuildPhase;
			buildActionMask = 2147483647;
			files = (
			);
			inputPaths = (
			);
			name = "Check Pods Manifest.lock";
			outputPaths = (
			);
			runOnlyForDeploymentPostprocessing = 0;
			shellPath = /bin/sh;
			shellScript = "diff \"${PODS_ROOT}/../Podfile.lock\" \"${PODS_ROOT}/Manifest.lock\" > /dev/null\nif [[ $? != 0 ]] ; then\n    cat << EOM\nerror: The sandbox is not in sync with the Podfile.lock. Run 'pod install' or update your CocoaPods installation.\nEOM\n    exit 1\nfi\n";
			showEnvVarsInLog = 0;
		};
		89A73B3E2160B628F5197106 /* Copy Pods Resources */ = {
			isa = PBXShellScriptBuildPhase;
			buildActionMask = 2147483647;
			files = (
			);
			inputPaths = (
			);
			name = "Copy Pods Resources";
			outputPaths = (
			);
			runOnlyForDeploymentPostprocessing = 0;
			shellPath = /bin/sh;
			shellScript = "\"${SRCROOT}/Pods/Target Support Files/Pods-ConversaBusiness/Pods-ConversaBusiness-resources.sh\"\n";
			showEnvVarsInLog = 0;
		};
		A1D4F3A6D1CF10C2D0084DEA /* Embed Pods Frameworks */ = {
			isa = PBXShellScriptBuildPhase;
			buildActionMask = 2147483647;
			files = (
			);
			inputPaths = (
			);
			name = "Embed Pods Frameworks";
			outputPaths = (
			);
			runOnlyForDeploymentPostprocessing = 0;
			shellPath = /bin/sh;
			shellScript = "\"${SRCROOT}/Pods/Target Support Files/Pods-ConversaBusiness/Pods-ConversaBusiness-frameworks.sh\"\n";
			showEnvVarsInLog = 0;
		};
/* End PBXShellScriptBuildPhase section */

/* Begin PBXSourcesBuildPhase section */
		A52906FB1D6FE93D0018D74C /* Sources */ = {
			isa = PBXSourcesBuildPhase;
			buildActionMask = 2147483647;
			files = (
				A52907A11D6FEA0C0018D74C /* Incoming.m in Sources */,
				A52907891D6FEA0C0018D74C /* AboutViewController.m in Sources */,
				A52907AB1D6FEA0C0018D74C /* NSFileManager+Conversa.m in Sources */,
				A52907AC1D6FEA0C0018D74C /* NSNumber+Conversa.m in Sources */,
				A52907C01D6FEA0C0018D74C /* YapTag.m in Sources */,
				A52907BA1D6FEA0C0018D74C /* VideoMediaItem.m in Sources */,
				A52907B81D6FEA0C0018D74C /* Utilities.m in Sources */,
				A529079C1D6FEA0C0018D74C /* DatabaseManager.m in Sources */,
				A52907951D6FEA0C0018D74C /* ContentViewController.swift in Sources */,
				A52907AE1D6FEA0C0018D74C /* OneSignalService.m in Sources */,
				A52907921D6FEA0C0018D74C /* ChatsViewController.m in Sources */,
				A52907AF1D6FEA0C0018D74C /* OptionsViewController.swift in Sources */,
				A52907B71D6FEA0C0018D74C /* TutorialViewController.swift in Sources */,
				A53962981D70D0E800D557FE /* CustomAblyRealtime.m in Sources */,
				A52907BE1D6FEA0C0018D74C /* YapDatabaseObject.m in Sources */,
				A52907BC1D6FEA0C0018D74C /* YapAccount.m in Sources */,
				A52907B21D6FEA0C0018D74C /* RecoverViewController.m in Sources */,
				A52907B51D6FEA0C0018D74C /* SettingsViewController.m in Sources */,
				A52907B31D6FEA0C0018D74C /* RegisterViewController.m in Sources */,
				A52907941D6FEA0C0018D74C /* Constants.m in Sources */,
				A52907911D6FEA0C0018D74C /* ChatSettingsViewController.m in Sources */,
				A52907AD1D6FEA0C0018D74C /* OneSignalController.m in Sources */,
				A529078B1D6FEA0C0018D74C /* AccountSettingsViewController.m in Sources */,
				A52907A71D6FEA0C0018D74C /* Message.m in Sources */,
				A52907BB1D6FEA0C0018D74C /* WhisperBridge.swift in Sources */,
				A52907B61D6FEA0C0018D74C /* TagsViewController.swift in Sources */,
				A52907AA1D6FEA0C0018D74C /* NotificationsViewController.m in Sources */,
				A529079B1D6FEA0C0018D74C /* CustomSettingCell.m in Sources */,
				A52907B41D6FEA0C0018D74C /* SettingsKeys.m in Sources */,
				A52907A91D6FEA0C0018D74C /* NotificationPermissions.m in Sources */,
				A529078F1D6FEA0C0018D74C /* Business.m in Sources */,
				A52907BD1D6FEA0C0018D74C /* YapContact.m in Sources */,
				A52907A81D6FEA0C0018D74C /* NetworkUtilities.m in Sources */,
				A52907B11D6FEA0C0018D74C /* QRCodeViewController.m in Sources */,
				A52907901D6FEA0C0018D74C /* Camera.m in Sources */,
				A52907971D6FEA0C0018D74C /* ConversationViewController.m in Sources */,
				A52907071D6FE93D0018D74C /* AppDelegate.m in Sources */,
				A52907A51D6FEA0C0018D74C /* MapView.m in Sources */,
				A52907A31D6FEA0C0018D74C /* LoginViewController.m in Sources */,
				A52907981D6FEA0C0018D74C /* CustomBlockCell.m in Sources */,
				A529078C1D6FEA0C0018D74C /* Audio.m in Sources */,
				A52907A01D6FEA0C0018D74C /* Image.m in Sources */,
				A529079A1D6FEA0C0018D74C /* Customer.m in Sources */,
				A529078A1D6FEA0C0018D74C /* Account.m in Sources */,
				A529079D1D6FEA0C0018D74C /* DatabaseView.m in Sources */,
				A529079E1D6FEA0C0018D74C /* DetailAccountViewController.m in Sources */,
				A52907931D6FEA0C0018D74C /* Colors.m in Sources */,
				A529078D1D6FEA0C0018D74C /* AudioMediaItem.m in Sources */,
				A52907B01D6FEA0C0018D74C /* PhotoMediaItem.m in Sources */,
				A52907B91D6FEA0C0018D74C /* Video.m in Sources */,
				A529078E1D6FEA0C0018D74C /* BlockViewController.m in Sources */,
				A52907991D6FEA0C0018D74C /* CustomChatCell.m in Sources */,
				A529079F1D6FEA0C0018D74C /* DOFavoriteButton.swift in Sources */,
				A52907041D6FE93D0018D74C /* main.m in Sources */,
				A52907BF1D6FEA0C0018D74C /* YapMessage.m in Sources */,
				A52907A21D6FEA0C0018D74C /* LoginHandler.m in Sources */,
			);
			runOnlyForDeploymentPostprocessing = 0;
		};
/* End PBXSourcesBuildPhase section */

/* Begin PBXVariantGroup section */
		A529070E1D6FE93D0018D74C /* Main.storyboard */ = {
			isa = PBXVariantGroup;
			children = (
				A529070F1D6FE93D0018D74C /* Base */,
			);
			name = Main.storyboard;
			sourceTree = "<group>";
		};
		A52907131D6FE93D0018D74C /* LaunchScreen.storyboard */ = {
			isa = PBXVariantGroup;
			children = (
				A52907141D6FE93D0018D74C /* Base */,
			);
			name = LaunchScreen.storyboard;
			sourceTree = "<group>";
		};
/* End PBXVariantGroup section */

/* Begin XCBuildConfiguration section */
		A52907171D6FE93D0018D74C /* Debug */ = {
			isa = XCBuildConfiguration;
			buildSettings = {
				ALWAYS_SEARCH_USER_PATHS = NO;
				CLANG_ANALYZER_NONNULL = YES;
				CLANG_CXX_LANGUAGE_STANDARD = "gnu++0x";
				CLANG_CXX_LIBRARY = "libc++";
				CLANG_ENABLE_MODULES = YES;
				CLANG_ENABLE_OBJC_ARC = YES;
				CLANG_WARN_BOOL_CONVERSION = YES;
				CLANG_WARN_CONSTANT_CONVERSION = YES;
				CLANG_WARN_DIRECT_OBJC_ISA_USAGE = YES_ERROR;
				CLANG_WARN_EMPTY_BODY = YES;
				CLANG_WARN_ENUM_CONVERSION = YES;
				CLANG_WARN_INT_CONVERSION = YES;
				CLANG_WARN_OBJC_ROOT_CLASS = YES_ERROR;
				CLANG_WARN_UNREACHABLE_CODE = YES;
				CLANG_WARN__DUPLICATE_METHOD_MATCH = YES;
				"CODE_SIGN_IDENTITY[sdk=iphoneos*]" = "iPhone Developer";
				COPY_PHASE_STRIP = NO;
				DEBUG_INFORMATION_FORMAT = dwarf;
				ENABLE_STRICT_OBJC_MSGSEND = YES;
				ENABLE_TESTABILITY = YES;
				GCC_C_LANGUAGE_STANDARD = gnu99;
				GCC_DYNAMIC_NO_PIC = NO;
				GCC_NO_COMMON_BLOCKS = YES;
				GCC_OPTIMIZATION_LEVEL = 0;
				GCC_PREPROCESSOR_DEFINITIONS = (
					"DEBUG=1",
					"$(inherited)",
				);
				GCC_WARN_64_TO_32_BIT_CONVERSION = YES;
				GCC_WARN_ABOUT_RETURN_TYPE = YES_ERROR;
				GCC_WARN_UNDECLARED_SELECTOR = YES;
				GCC_WARN_UNINITIALIZED_AUTOS = YES_AGGRESSIVE;
				GCC_WARN_UNUSED_FUNCTION = YES;
				GCC_WARN_UNUSED_VARIABLE = YES;
				IPHONEOS_DEPLOYMENT_TARGET = 9.3;
				MTL_ENABLE_DEBUG_INFO = YES;
				ONLY_ACTIVE_ARCH = YES;
				SDKROOT = iphoneos;
			};
			name = Debug;
		};
		A52907181D6FE93D0018D74C /* Release */ = {
			isa = XCBuildConfiguration;
			buildSettings = {
				ALWAYS_SEARCH_USER_PATHS = NO;
				CLANG_ANALYZER_NONNULL = YES;
				CLANG_CXX_LANGUAGE_STANDARD = "gnu++0x";
				CLANG_CXX_LIBRARY = "libc++";
				CLANG_ENABLE_MODULES = YES;
				CLANG_ENABLE_OBJC_ARC = YES;
				CLANG_WARN_BOOL_CONVERSION = YES;
				CLANG_WARN_CONSTANT_CONVERSION = YES;
				CLANG_WARN_DIRECT_OBJC_ISA_USAGE = YES_ERROR;
				CLANG_WARN_EMPTY_BODY = YES;
				CLANG_WARN_ENUM_CONVERSION = YES;
				CLANG_WARN_INT_CONVERSION = YES;
				CLANG_WARN_OBJC_ROOT_CLASS = YES_ERROR;
				CLANG_WARN_UNREACHABLE_CODE = YES;
				CLANG_WARN__DUPLICATE_METHOD_MATCH = YES;
				"CODE_SIGN_IDENTITY[sdk=iphoneos*]" = "iPhone Developer";
				COPY_PHASE_STRIP = NO;
				DEBUG_INFORMATION_FORMAT = "dwarf-with-dsym";
				ENABLE_NS_ASSERTIONS = NO;
				ENABLE_STRICT_OBJC_MSGSEND = YES;
				GCC_C_LANGUAGE_STANDARD = gnu99;
				GCC_NO_COMMON_BLOCKS = YES;
				GCC_WARN_64_TO_32_BIT_CONVERSION = YES;
				GCC_WARN_ABOUT_RETURN_TYPE = YES_ERROR;
				GCC_WARN_UNDECLARED_SELECTOR = YES;
				GCC_WARN_UNINITIALIZED_AUTOS = YES_AGGRESSIVE;
				GCC_WARN_UNUSED_FUNCTION = YES;
				GCC_WARN_UNUSED_VARIABLE = YES;
				IPHONEOS_DEPLOYMENT_TARGET = 9.3;
				MTL_ENABLE_DEBUG_INFO = NO;
				SDKROOT = iphoneos;
				VALIDATE_PRODUCT = YES;
			};
			name = Release;
		};
		A529071A1D6FE93D0018D74C /* Debug */ = {
			isa = XCBuildConfiguration;
			baseConfigurationReference = 14C7265B60A805228F91C92C /* Pods-ConversaBusiness.debug.xcconfig */;
			buildSettings = {
				ASSETCATALOG_COMPILER_APPICON_NAME = AppIcon;
				INFOPLIST_FILE = ConversaBusiness/Info.plist;
				LD_RUNPATH_SEARCH_PATHS = "$(inherited) @executable_path/Frameworks";
				PRODUCT_BUNDLE_IDENTIFIER = ee.app.ConversaBusiness;
				PRODUCT_NAME = "$(TARGET_NAME)";
				SWIFT_OBJC_BRIDGING_HEADER = "${SRCROOT}/ConversaBusiness/ConversaBusiness-Bridging-Header.h";
			};
			name = Debug;
		};
		A529071B1D6FE93D0018D74C /* Release */ = {
			isa = XCBuildConfiguration;
			baseConfigurationReference = 730C2D40F3F0D5FEE8A9C0FE /* Pods-ConversaBusiness.release.xcconfig */;
			buildSettings = {
				ASSETCATALOG_COMPILER_APPICON_NAME = AppIcon;
				INFOPLIST_FILE = ConversaBusiness/Info.plist;
				LD_RUNPATH_SEARCH_PATHS = "$(inherited) @executable_path/Frameworks";
				PRODUCT_BUNDLE_IDENTIFIER = ee.app.ConversaBusiness;
				PRODUCT_NAME = "$(TARGET_NAME)";
				SWIFT_OBJC_BRIDGING_HEADER = "${SRCROOT}/ConversaBusiness/ConversaBusiness-Bridging-Header.h";
			};
			name = Release;
		};
/* End XCBuildConfiguration section */

/* Begin XCConfigurationList section */
		A52906FA1D6FE93D0018D74C /* Build configuration list for PBXProject "ConversaBusiness" */ = {
			isa = XCConfigurationList;
			buildConfigurations = (
				A52907171D6FE93D0018D74C /* Debug */,
				A52907181D6FE93D0018D74C /* Release */,
			);
			defaultConfigurationIsVisible = 0;
			defaultConfigurationName = Release;
		};
		A52907191D6FE93D0018D74C /* Build configuration list for PBXNativeTarget "ConversaBusiness" */ = {
			isa = XCConfigurationList;
			buildConfigurations = (
				A529071A1D6FE93D0018D74C /* Debug */,
				A529071B1D6FE93D0018D74C /* Release */,
			);
			defaultConfigurationIsVisible = 0;
			defaultConfigurationName = Release;
		};
/* End XCConfigurationList section */
	};
	rootObject = A52906F71D6FE93D0018D74C /* Project object */;
}
